
Microsoft Visual Studio Solution File, Format Version 12.00
# Visual Studio Version 17
VisualStudioVersion = 17.2.32505.173
MinimumVisualStudioVersion = 10.0.40219.1
Project("{FAE04EC0-301F-11D3-BF4B-00C04F79EFBC}") = "BlazorCalculator", "BlazorCalculator\BlazorCalculator.csproj", "{78FA4321-222A-4C9D-8A7F-0848541C9733}"
EndProject
Global
	GlobalSection(SolutionConfigurationPlatforms) = preSolution
		Debug|Any CPU = Debug|Any CPU
		Release|Any CPU = Release|Any CPU
	EndGlobalSection
	GlobalSection(ProjectConfigurationPlatforms) = postSolution
		{78FA4321-222A-4C9D-8A7F-0848541C9733}.Debug|Any CPU.ActiveCfg = Debug|Any CPU
		{78FA4321-222A-4C9D-8A7F-0848541C9733}.Debug|Any CPU.Build.0 = Debug|Any CPU
		{78FA4321-222A-4C9D-8A7F-0848541C9733}.Release|Any CPU.ActiveCfg = Release|Any CPU
		{78FA4321-222A-4C9D-8A7F-0848541C9733}.Release|Any CPU.Build.0 = Release|Any CPU
	EndGlobalSection
	GlobalSection(SolutionProperties) = preSolution
		HideSolutionNode = FALSE
	EndGlobalSection
	GlobalSection(ExtensibilityGlobals) = postSolution
		SolutionGuid = {23E86F47-1B51-4713-A52D-D8CDF23B47A9}
	EndGlobalSection
EndGlobal
